
Microsoft Visual Studio Solution File, Format Version 12.00
# Visual Studio Version 17
VisualStudioVersion = 17.11.35222.181
MinimumVisualStudioVersion = 10.0.40219.1
Project("{8BC9CEB8-8B4A-11D0-8D11-00A0C91BC942}") = "ProgComp", "ProgComp\ProgComp.vcxproj", "{AC36748C-785B-4F84-9BBA-9382B3BB476B}"
EndProject
Global
	GlobalSection(SolutionConfigurationPlatforms) = preSolution
		Debug|x64 = Debug|x64
		Debug|x86 = Debug|x86
		Release|x64 = Release|x64
		Release|x86 = Release|x86
	EndGlobalSection
	GlobalSection(ProjectConfigurationPlatforms) = postSolution
		{AC36748C-785B-4F84-9BBA-9382B3BB476B}.Debug|x64.ActiveCfg = Debug|x64
		{AC36748C-785B-4F84-9BBA-9382B3BB476B}.Debug|x64.Build.0 = Debug|x64
		{AC36748C-785B-4F84-9BBA-9382B3BB476B}.Debug|x86.ActiveCfg = Debug|Win32
		{AC36748C-785B-4F84-9BBA-9382B3BB476B}.Debug|x86.Build.0 = Debug|Win32
		{AC36748C-785B-4F84-9BBA-9382B3BB476B}.Release|x64.ActiveCfg = Release|x64
		{AC36748C-785B-4F84-9BBA-9382B3BB476B}.Release|x64.Build.0 = Release|x64
		{AC36748C-785B-4F84-9BBA-9382B3BB476B}.Release|x86.ActiveCfg = Release|Win32
		{AC36748C-785B-4F84-9BBA-9382B3BB476B}.Release|x86.Build.0 = Release|Win32
	EndGlobalSection
	GlobalSection(SolutionProperties) = preSolution
		HideSolutionNode = FALSE
	EndGlobalSection
	GlobalSection(ExtensibilityGlobals) = postSolution
		SolutionGuid = {BB4A56A8-8434-4799-BC61-6D1B42C5F097}
	EndGlobalSection
EndGlobal
